PODS:
  - CocoaLumberjack (3.1.0):
    - CocoaLumberjack/Default (= 3.1.0)
    - CocoaLumberjack/Extensions (= 3.1.0)
  - CocoaLumberjack/Default (3.1.0)
  - CocoaLumberjack/Extensions (3.1.0):
    - CocoaLumberjack/Default
  - Masonry (1.0.2)
  - MJRefresh (3.1.12)
  - SVProgressHUD (2.1.2)
  - WQFramework/Core (0.1.0):
    - CocoaLumberjack
    - Masonry
    - MJRefresh
    - SVProgressHUD
    - YYCache
    - YYCategories
  - YYCache (1.0.4)
  - YYCategories (1.0.4):
    - YYCategories/no-arc (= 1.0.4)
  - YYCategories/no-arc (1.0.4)

DEPENDENCIES:
  - WQFramework/Core (from `../`)

EXTERNAL SOURCES:
  WQFramework:
    :path: "../"

SPEC CHECKSUMS:
  CocoaLumberjack: 8311463ddf9ee86a06ef92a071dd656c89244500
  Masonry: 7c429b56da9d4ee0bbb3ed77a5ea710d6a5df39e
  MJRefresh: b96cdb21c4aa75a7b07654311ab2f315c497e806
  SVProgressHUD: c404a55d78acbeb7ebb78b76d3faf986475a6994
  WQFramework: 71a2d5683d235dc9c3c11a1a1ad8f091ae3e2a67
  YYCache: 8105b6638f5e849296c71f331ff83891a4942952
  YYCategories: 6bcd4314c6661a561410dce4a793379ebd306abd

PODFILE CHECKSUM: 9930993f73cee6180831a57fe1ad91ee87abb6fc

COCOAPODS: 1.2.0
